<?xml version="1.0" encoding="utf-8"?>
<Project ToolsVersion="4.0" xmlns="http://schemas.microsoft.com/developer/msbuild/2003">
  <ItemGroup>
    <Filter Include="Source Files">
      <UniqueIdentifier>{4FC737F1-C7A5-4376-A066-2A32D752A2FF}</UniqueIdentifier>
      <Extensions>cpp;c;cc;cxx;def;odl;idl;hpj;bat;asm;asmx</Extensions>
    </Filter>
    <Filter Include="Header Files">
      <UniqueIdentifier>{93995380-89BD-4b04-88EB-625FBE52EBFB}</UniqueIdentifier>
      <Extensions>h;hh;hpp;hxx;hm;inl;inc;ipp;xsd</Extensions>
    </Filter>
  </ItemGroup>
  <ItemGroup>
    <ClCompile Include="..\..\bitunpack.c">
      <Filter>Source Files</Filter>
    </ClCompile>
    <ClCompile Include="..\..\bitpack.c">
      <Filter>Source Files</Filter>
    </ClCompile>
    <ClCompile Include="..\..\vp4d.c">
      <Filter>Source Files</Filter>
    </ClCompile>
    <ClCompile Include="..\..\vp4c.c">
      <Filter>Source Files</Filter>
    </ClCompile>
    <ClCompile Include="..\..\bitutil.c">
      <Filter>Source Files</Filter>
    </ClCompile>
    <ClCompile Include="..\..\fp.c">
      <Filter>Source Files</Filter>
    </ClCompile>
    <ClCompile Include="..\..\transpose.c">
      <Filter>Source Files</Filter>
    </ClCompile>
    <ClCompile Include="..\..\vint.c">
      <Filter>Source Files</Filter>
    </ClCompile>
    <ClCompile Include="..\..\vsimple.c">
      <Filter>Source Files</Filter>
    </ClCompile>
    <ClCompile Include="..\..\trlec.c">
      <Filter>Source Files</Filter>
    </ClCompile>
    <ClCompile Include="..\..\trled.c">
      <Filter>Source Files</Filter>
    </ClCompile>
    <ClCompile Include="..\bitpack_avx2.c">
      <Filter>Source Files</Filter>
    </ClCompile>
    <ClCompile Include="..\bitpack_sse.c">
      <Filter>Source Files</Filter>
    </ClCompile>
    <ClCompile Include="..\bitunpack_avx2.c">
      <Filter>Source Files</Filter>
    </ClCompile>
    <ClCompile Include="..\bitunpack_sse.c">
      <Filter>Source Files</Filter>
    </ClCompile>
    <ClCompile Include="..\transpose_avx2.c">
      <Filter>Source Files</Filter>
    </ClCompile>
    <ClCompile Include="..\transpose_sse.c">
      <Filter>Source Files</Filter>
    </ClCompile>
    <ClCompile Include="..\vp4c_avx2.c">
      <Filter>Source Files</Filter>
    </ClCompile>
    <ClCompile Include="..\vp4c_sse.c">
      <Filter>Source Files</Filter>
    </ClCompile>
    <ClCompile Include="..\vp4d_avx2.c">
      <Filter>Source Files</Filter>
    </ClCompile>
    <ClCompile Include="..\vp4d_sse.c">
      <Filter>Source Files</Filter>
    </ClCompile>
    <ClCompile Include="..\..\v8.c">
      <Filter>Source Files</Filter>
    </ClCompile>
  </ItemGroup>
  <ItemGroup>
    <ClInclude Include="..\..\bitpack.h">
      <Filter>Header Files</Filter>
    </ClInclude>
    <ClInclude Include="..\..\transpose.h">
      <Filter>Header Files</Filter>
    </ClInclude>
    <ClInclude Include="..\..\vint.h">
      <Filter>Header Files</Filter>
    </ClInclude>
    <ClInclude Include="..\..\vp4.h">
      <Filter>Header Files</Filter>
    </ClInclude>
    <ClInclude Include="..\..\vsimple.h">
      <Filter>Header Files</Filter>
    </ClInclude>
    <ClInclude Include="..\..\trle.h">
      <Filter>Header Files</Filter>
    </ClInclude>
  </ItemGroup>
</Project>
